
Microsoft Visual Studio Solution File, Format Version 12.00
Project("{FAE04EC0-301F-11D3-BF4B-00C04F79EFBC}") = "Anno117Tools", "Anno117Tools\Anno117Tools.csproj", "{161BA686-6BDC-4C6C-8223-C41720710317}"
EndProject
Global
	GlobalSection(SolutionConfigurationPlatforms) = preSolution
		Debug|Any CPU = Debug|Any CPU
		Release|Any CPU = Release|Any CPU
	EndGlobalSection
	GlobalSection(ProjectConfigurationPlatforms) = postSolution
		{161BA686-6BDC-4C6C-8223-C41720710317}.Debug|Any CPU.ActiveCfg = Debug|Any CPU
		{161BA686-6BDC-4C6C-8223-C41720710317}.Debug|Any CPU.Build.0 = Debug|Any CPU
		{161BA686-6BDC-4C6C-8223-C41720710317}.Release|Any CPU.ActiveCfg = Release|Any CPU
		{161BA686-6BDC-4C6C-8223-C41720710317}.Release|Any CPU.Build.0 = Release|Any CPU
	EndGlobalSection
EndGlobal
